<?xml version="1.0" encoding="utf-8"?>
<Project ToolsVersion="4.0" xmlns="http://schemas.microsoft.com/developer/msbuild/2003">
  <ItemGroup>
    <Filter Include="Source Files">
      <UniqueIdentifier>{4FC737F1-C7A5-4376-A066-2A32D752A2FF}</UniqueIdentifier>
      <Extensions>cpp;c;cc;cxx;c++;cppm;ixx;def;odl;idl;hpj;bat;asm;asmx</Extensions>
    </Filter>
    <Filter Include="Header Files">
      <UniqueIdentifier>{93995380-89BD-4b04-88EB-625FBE52EBFB}</UniqueIdentifier>
      <Extensions>h;hh;hpp;hxx;h++;hm;inl;inc;ipp;xsd</Extensions>
    </Filter>
    <Filter Include="Resource Files">
      <UniqueIdentifier>{67DA6AB6-F800-4c08-8B7A-83BB121AAD01}</UniqueIdentifier>
      <Extensions>rc;ico;cur;bmp;dlg;rc2;rct;bin;rgs;gif;jpg;jpeg;jpe;resx;tiff;tif;png;wav;mfcribbon-ms</Extensions>
    </Filter>
    <Filter Include="Source Files\Engine">
      <UniqueIdentifier>{5e09dde2-40a1-4e59-a306-5863d1211865}</UniqueIdentifier>
    </Filter>
    <Filter Include="Source Files\Physics">
      <UniqueIdentifier>{73eaa65c-d8e5-4e4e-a643-6985c5261522}</UniqueIdentifier>
    </Filter>
    <Filter Include="Source Files\Test">
      <UniqueIdentifier>{1e62d865-9a45-46d9-80f1-d6c60ca14637}</UniqueIdentifier>
    </Filter>
    <Filter Include="Source Files\Physics\Constraints">
      <UniqueIdentifier>{330f7113-8fac-4cb6-bc1a-d523955184b6}</UniqueIdentifier>
    </Filter>
    <Filter Include="Source Files\Physics\Shapes">
      <UniqueIdentifier>{1b33d60e-9646-4d72-920f-bbd813cd0216}</UniqueIdentifier>
    </Filter>
    <Filter Include="Source Files\Physics\Forces">
      <UniqueIdentifier>{9371a76a-bdb7-4ffe-83b5-3805bed148b0}</UniqueIdentifier>
    </Filter>
    <Filter Include="Source Files\Physics\Collision">
      <UniqueIdentifier>{2be6a52f-88a5-4c06-9430-5aef48149df4}</UniqueIdentifier>
    </Filter>
  </ItemGroup>
  <ItemGroup>
    <ClCompile Include="Main.cpp">
      <Filter>Source Files</Filter>
    </ClCompile>
    <ClCompile Include="Engine\Graphics.cpp">
      <Filter>Source Files\Engine</Filter>
    </ClCompile>
    <ClCompile Include="Engine\Input.cpp">
      <Filter>Source Files\Engine</Filter>
    </ClCompile>
    <ClCompile Include="Engine\Primitives.cpp">
      <Filter>Source Files\Engine</Filter>
    </ClCompile>
    <ClCompile Include="Engine\Time.cpp">
      <Filter>Source Files\Engine</Filter>
    </ClCompile>
    <ClCompile Include="Engine\World.cpp">
      <Filter>Source Files\Engine</Filter>
    </ClCompile>
    <ClCompile Include="Tests\ForceTest.cpp">
      <Filter>Source Files\Test</Filter>
    </ClCompile>
    <ClCompile Include="Tests\JointTest.cpp">
      <Filter>Source Files\Test</Filter>
    </ClCompile>
    <ClCompile Include="Tests\ParticleTest.cpp">
      <Filter>Source Files\Test</Filter>
    </ClCompile>
    <ClCompile Include="Tests\Test.cpp">
      <Filter>Source Files\Test</Filter>
    </ClCompile>
    <ClCompile Include="Physics\Constraints\Joint.cpp">
      <Filter>Source Files\Physics\Constraints</Filter>
    </ClCompile>
    <ClCompile Include="Physics\Forces\AreaForce.cpp">
      <Filter>Source Files\Physics\Forces</Filter>
    </ClCompile>
    <ClCompile Include="Physics\Forces\DragForce.cpp">
      <Filter>Source Files\Physics\Forces</Filter>
    </ClCompile>
    <ClCompile Include="Physics\Forces\ForceGenerator.cpp">
      <Filter>Source Files\Physics\Forces</Filter>
    </ClCompile>
    <ClCompile Include="Physics\Forces\GravitationalGenerator.cpp">
      <Filter>Source Files\Physics\Forces</Filter>
    </ClCompile>
    <ClCompile Include="Physics\Forces\PointForce.cpp">
      <Filter>Source Files\Physics\Forces</Filter>
    </ClCompile>
    <ClCompile Include="Physics\Shapes\Body.cpp">
      <Filter>Source Files\Physics\Shapes</Filter>
    </ClCompile>
    <ClCompile Include="Physics\Shapes\CircleShape.cpp">
      <Filter>Source Files\Physics\Shapes</Filter>
    </ClCompile>
    <ClCompile Include="Physics\Collision\Collision.cpp">
      <Filter>Source Files\Physics\Collision</Filter>
    </ClCompile>
    <ClCompile Include="Tests\CollisionTest.cpp">
      <Filter>Source Files\Test</Filter>
    </ClCompile>
  </ItemGroup>
  <ItemGroup>
    <ClInclude Include="Engine\Graphics.h">
      <Filter>Source Files\Engine</Filter>
    </ClInclude>
    <ClInclude Include="Engine\Input.h">
      <Filter>Source Files\Engine</Filter>
    </ClInclude>
    <ClInclude Include="Engine\Integrator.h">
      <Filter>Source Files\Engine</Filter>
    </ClInclude>
    <ClInclude Include="Engine\Primitives.h">
      <Filter>Source Files\Engine</Filter>
    </ClInclude>
    <ClInclude Include="Engine\Random.h">
      <Filter>Source Files\Engine</Filter>
    </ClInclude>
    <ClInclude Include="Engine\Time.h">
      <Filter>Source Files\Engine</Filter>
    </ClInclude>
    <ClInclude Include="Engine\World.h">
      <Filter>Source Files\Engine</Filter>
    </ClInclude>
    <ClInclude Include="Tests\ForceTest.h">
      <Filter>Source Files\Test</Filter>
    </ClInclude>
    <ClInclude Include="Tests\JointTest.h">
      <Filter>Source Files\Test</Filter>
    </ClInclude>
    <ClInclude Include="Tests\ParticleTest.h">
      <Filter>Source Files\Test</Filter>
    </ClInclude>
    <ClInclude Include="Tests\Test.h">
      <Filter>Source Files\Test</Filter>
    </ClInclude>
    <ClInclude Include="Physics\Constraints\Joint.h">
      <Filter>Source Files\Physics\Constraints</Filter>
    </ClInclude>
    <ClInclude Include="Physics\Forces\AreaForce.h">
      <Filter>Source Files\Physics\Forces</Filter>
    </ClInclude>
    <ClInclude Include="Physics\Forces\DragForce.h">
      <Filter>Source Files\Physics\Forces</Filter>
    </ClInclude>
    <ClInclude Include="Physics\Forces\ForceGenerator.h">
      <Filter>Source Files\Physics\Forces</Filter>
    </ClInclude>
    <ClInclude Include="Physics\Forces\GravitationalGenerator.h">
      <Filter>Source Files\Physics\Forces</Filter>
    </ClInclude>
    <ClInclude Include="Physics\Forces\PointForce.h">
      <Filter>Source Files\Physics\Forces</Filter>
    </ClInclude>
    <ClInclude Include="Physics\Shapes\Body.h">
      <Filter>Source Files\Physics\Shapes</Filter>
    </ClInclude>
    <ClInclude Include="Physics\Shapes\CircleShape.h">
      <Filter>Source Files\Physics\Shapes</Filter>
    </ClInclude>
    <ClInclude Include="Physics\Shapes\Shape.h">
      <Filter>Source Files\Physics\Shapes</Filter>
    </ClInclude>
    <ClInclude Include="Physics\Collision\Contact.h">
      <Filter>Source Files\Physics\Collision</Filter>
    </ClInclude>
    <ClInclude Include="Physics\Collision\Collision.h">
      <Filter>Source Files\Physics\Collision</Filter>
    </ClInclude>
    <ClInclude Include="Tests\CollisionTest.h">
      <Filter>Source Files\Test</Filter>
    </ClInclude>
  </ItemGroup>
</Project>